// !$*UTF8*$!
{
	archiveVersion = 1;
	classes = {
	};
	objectVersion = 50;
	objects = {

/* Begin PBXBuildFile section */
		7754326522A2BC0C00745A56 /* DetailHospitalTableViewController.swift in Sources */ = {isa = PBXBuildFile; fileRef = 7754326122A2BC0C00745A56 /* DetailHospitalTableViewController.swift */; };
		7754326622A2BC0C00745A56 /* MapViewController.swift in Sources */ = {isa = PBXBuildFile; fileRef = 7754326222A2BC0C00745A56 /* MapViewController.swift */; };
		7754326722A2BC0C00745A56 /* HospitalTableViewController.swift in Sources */ = {isa = PBXBuildFile; fileRef = 7754326322A2BC0C00745A56 /* HospitalTableViewController.swift */; };
		7754326822A2BC0C00745A56 /* Hospital.swift in Sources */ = {isa = PBXBuildFile; fileRef = 7754326422A2BC0C00745A56 /* Hospital.swift */; };
		7754326A22A2BC1E00745A56 /* ViewController.swift in Sources */ = {isa = PBXBuildFile; fileRef = 7754326922A2BC1E00745A56 /* ViewController.swift */; };
		777263732285571800D4812B /* AppDelegate.swift in Sources */ = {isa = PBXBuildFile; fileRef = 777263722285571800D4812B /* AppDelegate.swift */; };
		777263782285571800D4812B /* Main.storyboard in Resources */ = {isa = PBXBuildFile; fileRef = 777263762285571800D4812B /* Main.storyboard */; };
		7772637A2285571900D4812B /* Assets.xcassets in Resources */ = {isa = PBXBuildFile; fileRef = 777263792285571900D4812B /* Assets.xcassets */; };
		7772637D2285571900D4812B /* LaunchScreen.storyboard in Resources */ = {isa = PBXBuildFile; fileRef = 7772637B2285571900D4812B /* LaunchScreen.storyboard */; };
		77C16BB5229D9B9F00E058F2 /* AudioController.swift in Sources */ = {isa = PBXBuildFile; fileRef = 77C16BB4229D9B9F00E058F2 /* AudioController.swift */; };
/* End PBXBuildFile section */

/* Begin PBXFileReference section */
		7754326122A2BC0C00745A56 /* DetailHospitalTableViewController.swift */ = {isa = PBXFileReference; fileEncoding = 4; lastKnownFileType = sourcecode.swift; path = DetailHospitalTableViewController.swift; sourceTree = "<group>"; };
		7754326222A2BC0C00745A56 /* MapViewController.swift */ = {isa = PBXFileReference; fileEncoding = 4; lastKnownFileType = sourcecode.swift; path = MapViewController.swift; sourceTree = "<group>"; };
		7754326322A2BC0C00745A56 /* HospitalTableViewController.swift */ = {isa = PBXFileReference; fileEncoding = 4; lastKnownFileType = sourcecode.swift; path = HospitalTableViewController.swift; sourceTree = "<group>"; };
		7754326422A2BC0C00745A56 /* Hospital.swift */ = {isa = PBXFileReference; fileEncoding = 4; lastKnownFileType = sourcecode.swift; path = Hospital.swift; sourceTree = "<group>"; };
		7754326922A2BC1E00745A56 /* ViewController.swift */ = {isa = PBXFileReference; fileEncoding = 4; lastKnownFileType = sourcecode.swift; path = ViewController.swift; sourceTree = "<group>"; };
		7772636F2285571800D4812B /* IOSProgramming.app */ = {isa = PBXFileReference; explicitFileType = wrapper.application; includeInIndex = 0; path = IOSProgramming.app; sourceTree = BUILT_PRODUCTS_DIR; };
		777263722285571800D4812B /* AppDelegate.swift */ = {isa = PBXFileReference; lastKnownFileType = sourcecode.swift; path = AppDelegate.swift; sourceTree = "<group>"; };
		777263772285571800D4812B /* Base */ = {isa = PBXFileReference; lastKnownFileType = file.storyboard; name = Base; path = Base.lproj/Main.storyboard; sourceTree = "<group>"; };
		777263792285571900D4812B /* Assets.xcassets */ = {isa = PBXFileReference; lastKnownFileType = folder.assetcatalog; path = Assets.xcassets; sourceTree = "<group>"; };
		7772637C2285571900D4812B /* Base */ = {isa = PBXFileReference; lastKnownFileType = file.storyboard; name = Base; path = Base.lproj/LaunchScreen.storyboard; sourceTree = "<group>"; };
		7772637E2285571900D4812B /* Info.plist */ = {isa = PBXFileReference; lastKnownFileType = text.plist.xml; path = Info.plist; sourceTree = "<group>"; };
		77C16BB4229D9B9F00E058F2 /* AudioController.swift */ = {isa = PBXFileReference; fileEncoding = 4; lastKnownFileType = sourcecode.swift; path = AudioController.swift; sourceTree = "<group>"; };
/* End PBXFileReference section */

/* Begin PBXFrameworksBuildPhase section */
		7772636C2285571800D4812B /* Frameworks */ = {
			isa = PBXFrameworksBuildPhase;
			buildActionMask = 2147483647;
			files = (
			);
			runOnlyForDeploymentPostprocessing = 0;
		};
/* End PBXFrameworksBuildPhase section */

/* Begin PBXGroup section */
		777263662285571800D4812B = {
			isa = PBXGroup;
			children = (
				77C16BAF229D84A800E058F2 /* Assets */,
				777263712285571800D4812B /* IOSProgramming */,
				777263702285571800D4812B /* Products */,
			);
			sourceTree = "<group>";
		};
		777263702285571800D4812B /* Products */ = {
			isa = PBXGroup;
			children = (
				7772636F2285571800D4812B /* IOSProgramming.app */,
			);
			name = Products;
			sourceTree = "<group>";
		};
		777263712285571800D4812B /* IOSProgramming */ = {
			isa = PBXGroup;
			children = (
				77C16BB6229DA74000E058F2 /* Classes */,
				777263722285571800D4812B /* AppDelegate.swift */,
				7754326122A2BC0C00745A56 /* DetailHospitalTableViewController.swift */,
				7754326922A2BC1E00745A56 /* ViewController.swift */,
				7754326422A2BC0C00745A56 /* Hospital.swift */,
				7754326322A2BC0C00745A56 /* HospitalTableViewController.swift */,
				7754326222A2BC0C00745A56 /* MapViewController.swift */,
				777263762285571800D4812B /* Main.storyboard */,
				777263792285571900D4812B /* Assets.xcassets */,
				7772637B2285571900D4812B /* LaunchScreen.storyboard */,
				7772637E2285571900D4812B /* Info.plist */,
			);
			path = IOSProgramming;
			sourceTree = "<group>";
		};
		77C16BAF229D84A800E058F2 /* Assets */ = {
			isa = PBXGroup;
			children = (
				77C16BB2229D9B8000E058F2 /* Fonts */,
				77C16BB1229D9B7800E058F2 /* Audio */,
				77C16BB0229D9B7100E058F2 /* Images */,
			);
			path = Assets;
			sourceTree = "<group>";
		};
		77C16BB0229D9B7100E058F2 /* Images */ = {
			isa = PBXGroup;
			children = (
			);
			path = Images;
			sourceTree = "<group>";
		};
		77C16BB1229D9B7800E058F2 /* Audio */ = {
			isa = PBXGroup;
			children = (
			);
			path = Audio;
			sourceTree = "<group>";
		};
		77C16BB2229D9B8000E058F2 /* Fonts */ = {
			isa = PBXGroup;
			children = (
			);
			path = Fonts;
			sourceTree = "<group>";
		};
		77C16BB3229D9B9100E058F2 /* Controllers */ = {
			isa = PBXGroup;
			children = (
				77C16BB4229D9B9F00E058F2 /* AudioController.swift */,
			);
			path = Controllers;
			sourceTree = "<group>";
		};
		77C16BB6229DA74000E058F2 /* Classes */ = {
			isa = PBXGroup;
			children = (
				77C16BB3229D9B9100E058F2 /* Controllers */,
				77C16BB7229DA74A00E058F2 /* Views */,
			);
			path = Classes;
			sourceTree = "<group>";
		};
		77C16BB7229DA74A00E058F2 /* Views */ = {
			isa = PBXGroup;
			children = (
			);
			path = Views;
			sourceTree = "<group>";
		};
/* End PBXGroup section */

/* Begin PBXNativeTarget section */
		7772636E2285571800D4812B /* IOSProgramming */ = {
			isa = PBXNativeTarget;
			buildConfigurationList = 777263812285571900D4812B /* Build configuration list for PBXNativeTarget "IOSProgramming" */;
			buildPhases = (
				7772636B2285571800D4812B /* Sources */,
				7772636C2285571800D4812B /* Frameworks */,
				7772636D2285571800D4812B /* Resources */,
			);
			buildRules = (
			);
			dependencies = (
			);
			name = IOSProgramming;
			productName = IOSProgramming;
			productReference = 7772636F2285571800D4812B /* IOSProgramming.app */;
			productType = "com.apple.product-type.application";
		};
/* End PBXNativeTarget section */

/* Begin PBXProject section */
		777263672285571800D4812B /* Project object */ = {
			isa = PBXProject;
			attributes = {
				LastSwiftUpdateCheck = 1020;
				LastUpgradeCheck = 1020;
				ORGANIZATIONNAME = KPU_GAME;
				TargetAttributes = {
					7772636E2285571800D4812B = {
						CreatedOnToolsVersion = 10.2.1;
					};
				};
			};
			buildConfigurationList = 7772636A2285571800D4812B /* Build configuration list for PBXProject "IOSProgramming" */;
			compatibilityVersion = "Xcode 9.3";
			developmentRegion = en;
			hasScannedForEncodings = 0;
			knownRegions = (
				en,
				Base,
			);
			mainGroup = 777263662285571800D4812B;
			productRefGroup = 777263702285571800D4812B /* Products */;
			projectDirPath = "";
			projectRoot = "";
			targets = (
				7772636E2285571800D4812B /* IOSProgramming */,
			);
		};
/* End PBXProject section */

/* Begin PBXResourcesBuildPhase section */
		7772636D2285571800D4812B /* Resources */ = {
			isa = PBXResourcesBuildPhase;
			buildActionMask = 2147483647;
			files = (
				7772637D2285571900D4812B /* LaunchScreen.storyboard in Resources */,
				7772637A2285571900D4812B /* Assets.xcassets in Resources */,
				777263782285571800D4812B /* Main.storyboard in Resources */,
			);
			runOnlyForDeploymentPostprocessing = 0;
		};
/* End PBXResourcesBuildPhase section */

/* Begin PBXSourcesBuildPhase section */
		7772636B2285571800D4812B /* Sources */ = {
			isa = PBXSourcesBuildPhase;
			buildActionMask = 2147483647;
			files = (
				77C16BB5229D9B9F00E058F2 /* AudioController.swift in Sources */,
				7754326522A2BC0C00745A56 /* DetailHospitalTableViewController.swift in Sources */,
				7754326722A2BC0C00745A56 /* HospitalTableViewController.swift in Sources */,
				777263732285571800D4812B /* AppDelegate.swift in Sources */,
				7754326A22A2BC1E00745A56 /* ViewController.swift in Sources */,
				7754326622A2BC0C00745A56 /* MapViewController.swift in Sources */,
				7754326822A2BC0C00745A56 /* Hospital.swift in Sources */,
			);
			runOnlyForDeploymentPostprocessing = 0;
		};
/* End PBXSourcesBuildPhase section */

/* Begin PBXVariantGroup section */
		777263762285571800D4812B /* Main.storyboard */ = {
			isa = PBXVariantGroup;
			children = (
				777263772285571800D4812B /* Base */,
			);
			name = Main.storyboard;
			sourceTree = "<group>";
		};
		7772637B2285571900D4812B /* LaunchScreen.storyboard */ = {
			isa = PBXVariantGroup;
			children = (
				7772637C2285571900D4812B /* Base */,
			);
			name = LaunchScreen.storyboard;
			sourceTree = "<group>";
		};
/* End PBXVariantGroup section */

/* Begin XCBuildConfiguration section */
		7772637F2285571900D4812B /* Debug */ = {
			isa = XCBuildConfiguration;
			buildSettings = {
				ALWAYS_SEARCH_USER_PATHS = NO;
				CLANG_ANALYZER_NONNULL = YES;
				CLANG_ANALYZER_NUMBER_OBJECT_CONVERSION = YES_AGGRESSIVE;
				CLANG_CXX_LANGUAGE_STANDARD = "gnu++14";
				CLANG_CXX_LIBRARY = "libc++";
				CLANG_ENABLE_MODULES = YES;
				CLANG_ENABLE_OBJC_ARC = YES;
				CLANG_ENABLE_OBJC_WEAK = YES;
				CLANG_WARN_BLOCK_CAPTURE_AUTORELEASING = YES;
				CLANG_WARN_BOOL_CONVERSION = YES;
				CLANG_WARN_COMMA = YES;
				CLANG_WARN_CONSTANT_CONVERSION = YES;
				CLANG_WARN_DEPRECATED_OBJC_IMPLEMENTATIONS = YES;
				CLANG_WARN_DIRECT_OBJC_ISA_USAGE = YES_ERROR;
				CLANG_WARN_DOCUMENTATION_COMMENTS = YES;
				CLANG_WARN_EMPTY_BODY = YES;
				CLANG_WARN_ENUM_CONVERSION = YES;
				CLANG_WARN_INFINITE_RECURSION = YES;
				CLANG_WARN_INT_CONVERSION = YES;
				CLANG_WARN_NON_LITERAL_NULL_CONVERSION = YES;
				CLANG_WARN_OBJC_IMPLICIT_RETAIN_SELF = YES;
				CLANG_WARN_OBJC_LITERAL_CONVERSION = YES;
				CLANG_WARN_OBJC_ROOT_CLASS = YES_ERROR;
				CLANG_WARN_RANGE_LOOP_ANALYSIS = YES;
				CLANG_WARN_STRICT_PROTOTYPES = YES;
				CLANG_WARN_SUSPICIOUS_MOVE = YES;
				CLANG_WARN_UNGUARDED_AVAILABILITY = YES_AGGRESSIVE;
				CLANG_WARN_UNREACHABLE_CODE = YES;
				CLANG_WARN__DUPLICATE_METHOD_MATCH = YES;
				CODE_SIGN_IDENTITY = "iPhone Developer";
				COPY_PHASE_STRIP = NO;
				DEBUG_INFORMATION_FORMAT = dwarf;
				ENABLE_STRICT_OBJC_MSGSEND = YES;
				ENABLE_TESTABILITY = YES;
				GCC_C_LANGUAGE_STANDARD = gnu11;
				GCC_DYNAMIC_NO_PIC = NO;
				GCC_NO_COMMON_BLOCKS = YES;
				GCC_OPTIMIZATION_LEVEL = 0;
				GCC_PREPROCESSOR_DEFINITIONS = (
					"DEBUG=1",
					"$(inherited)",
				);
				GCC_WARN_64_TO_32_BIT_CONVERSION = YES;
				GCC_WARN_ABOUT_RETURN_TYPE = YES_ERROR;
				GCC_WARN_UNDECLARED_SELECTOR = YES;
				GCC_WARN_UNINITIALIZED_AUTOS = YES_AGGRESSIVE;
				GCC_WARN_UNUSED_FUNCTION = YES;
				GCC_WARN_UNUSED_VARIABLE = YES;
				IPHONEOS_DEPLOYMENT_TARGET = 12.2;
				MTL_ENABLE_DEBUG_INFO = INCLUDE_SOURCE;
				MTL_FAST_MATH = YES;
				ONLY_ACTIVE_ARCH = YES;
				SDKROOT = iphoneos;
				SWIFT_ACTIVE_COMPILATION_CONDITIONS = DEBUG;
				SWIFT_OPTIMIZATION_LEVEL = "-Onone";
			};
			name = Debug;
		};
		777263802285571900D4812B /* Release */ = {
			isa = XCBuildConfiguration;
			buildSettings = {
				ALWAYS_SEARCH_USER_PATHS = NO;
				CLANG_ANALYZER_NONNULL = YES;
				CLANG_ANALYZER_NUMBER_OBJECT_CONVERSION = YES_AGGRESSIVE;
				CLANG_CXX_LANGUAGE_STANDARD = "gnu++14";
				CLANG_CXX_LIBRARY = "libc++";
				CLANG_ENABLE_MODULES = YES;
				CLANG_ENABLE_OBJC_ARC = YES;
				CLANG_ENABLE_OBJC_WEAK = YES;
				CLANG_WARN_BLOCK_CAPTURE_AUTORELEASING = YES;
				CLANG_WARN_BOOL_CONVERSION = YES;
				CLANG_WARN_COMMA = YES;
				CLANG_WARN_CONSTANT_CONVERSION = YES;
				CLANG_WARN_DEPRECATED_OBJC_IMPLEMENTATIONS = YES;
				CLANG_WARN_DIRECT_OBJC_ISA_USAGE = YES_ERROR;
				CLANG_WARN_DOCUMENTATION_COMMENTS = YES;
				CLANG_WARN_EMPTY_BODY = YES;
				CLANG_WARN_ENUM_CONVERSION = YES;
				CLANG_WARN_INFINITE_RECURSION = YES;
				CLANG_WARN_INT_CONVERSION = YES;
				CLANG_WARN_NON_LITERAL_NULL_CONVERSION = YES;
				CLANG_WARN_OBJC_IMPLICIT_RETAIN_SELF = YES;
				CLANG_WARN_OBJC_LITERAL_CONVERSION = YES;
				CLANG_WARN_OBJC_ROOT_CLASS = YES_ERROR;
				CLANG_WARN_RANGE_LOOP_ANALYSIS = YES;
				CLANG_WARN_STRICT_PROTOTYPES = YES;
				CLANG_WARN_SUSPICIOUS_MOVE = YES;
				CLANG_WARN_UNGUARDED_AVAILABILITY = YES_AGGRESSIVE;
				CLANG_WARN_UNREACHABLE_CODE = YES;
				CLANG_WARN__DUPLICATE_METHOD_MATCH = YES;
				CODE_SIGN_IDENTITY = "iPhone Developer";
				COPY_PHASE_STRIP = NO;
				DEBUG_INFORMATION_FORMAT = "dwarf-with-dsym";
				ENABLE_NS_ASSERTIONS = NO;
				ENABLE_STRICT_OBJC_MSGSEND = YES;
				GCC_C_LANGUAGE_STANDARD = gnu11;
				GCC_NO_COMMON_BLOCKS = YES;
				GCC_WARN_64_TO_32_BIT_CONVERSION = YES;
				GCC_WARN_ABOUT_RETURN_TYPE = YES_ERROR;
				GCC_WARN_UNDECLARED_SELECTOR = YES;
				GCC_WARN_UNINITIALIZED_AUTOS = YES_AGGRESSIVE;
				GCC_WARN_UNUSED_FUNCTION = YES;
				GCC_WARN_UNUSED_VARIABLE = YES;
				IPHONEOS_DEPLOYMENT_TARGET = 12.2;
				MTL_ENABLE_DEBUG_INFO = NO;
				MTL_FAST_MATH = YES;
				SDKROOT = iphoneos;
				SWIFT_COMPILATION_MODE = wholemodule;
				SWIFT_OPTIMIZATION_LEVEL = "-O";
				VALIDATE_PRODUCT = YES;
			};
			name = Release;
		};
		777263822285571900D4812B /* Debug */ = {
			isa = XCBuildConfiguration;
			buildSettings = {
				ASSETCATALOG_COMPILER_APPICON_NAME = AppIcon;
				CODE_SIGN_STYLE = Automatic;
				DEVELOPMENT_TEAM = FFP6MY65LH;
				INFOPLIST_FILE = IOSProgramming/Info.plist;
				LD_RUNPATH_SEARCH_PATHS = (
					"$(inherited)",
					"@executable_path/Frameworks",
				);
				PRODUCT_BUNDLE_IDENTIFIER = kpugame.hyewon.IOSProgramming;
				PRODUCT_NAME = "$(TARGET_NAME)";
				SWIFT_VERSION = 5.0;
				TARGETED_DEVICE_FAMILY = "1,2";
			};
			name = Debug;
		};
		777263832285571900D4812B /* Release */ = {
			isa = XCBuildConfiguration;
			buildSettings = {
				ASSETCATALOG_COMPILER_APPICON_NAME = AppIcon;
				CODE_SIGN_STYLE = Automatic;
				DEVELOPMENT_TEAM = FFP6MY65LH;
				INFOPLIST_FILE = IOSProgramming/Info.plist;
				LD_RUNPATH_SEARCH_PATHS = (
					"$(inherited)",
					"@executable_path/Frameworks",
				);
				PRODUCT_BUNDLE_IDENTIFIER = kpugame.hyewon.IOSProgramming;
				PRODUCT_NAME = "$(TARGET_NAME)";
				SWIFT_VERSION = 5.0;
				TARGETED_DEVICE_FAMILY = "1,2";
			};
			name = Release;
		};
/* End XCBuildConfiguration section */

/* Begin XCConfigurationList section */
		7772636A2285571800D4812B /* Build configuration list for PBXProject "IOSProgramming" */ = {
			isa = XCConfigurationList;
			buildConfigurations = (
				7772637F2285571900D4812B /* Debug */,
				777263802285571900D4812B /* Release */,
			);
			defaultConfigurationIsVisible = 0;
			defaultConfigurationName = Release;
		};
		777263812285571900D4812B /* Build configuration list for PBXNativeTarget "IOSProgramming" */ = {
			isa = XCConfigurationList;
			buildConfigurations = (
				777263822285571900D4812B /* Debug */,
				777263832285571900D4812B /* Release */,
			);
			defaultConfigurationIsVisible = 0;
			defaultConfigurationName = Release;
		};
/* End XCConfigurationList section */
	};
	rootObject = 777263672285571800D4812B /* Project object */;
}
