// !$*UTF8*$!
{
	archiveVersion = 1;
	classes = {
	};
	objectVersion = 50;
	objects = {

/* Begin PBXBuildFile section */
		7754331922A3F15B00745A56 /* AppDelegate.swift in Sources */ = {isa = PBXBuildFile; fileRef = 7754331822A3F15B00745A56 /* AppDelegate.swift */; };
		7754331E22A3F15B00745A56 /* Main.storyboard in Resources */ = {isa = PBXBuildFile; fileRef = 7754331C22A3F15B00745A56 /* Main.storyboard */; };
		7754332022A3F15C00745A56 /* Assets.xcassets in Resources */ = {isa = PBXBuildFile; fileRef = 7754331F22A3F15C00745A56 /* Assets.xcassets */; };
		7754332322A3F15C00745A56 /* LaunchScreen.storyboard in Resources */ = {isa = PBXBuildFile; fileRef = 7754332122A3F15C00745A56 /* LaunchScreen.storyboard */; };
		7754332D22A3FB2200745A56 /* LikeAddViewController.swift in Sources */ = {isa = PBXBuildFile; fileRef = 7754332C22A3FB2200745A56 /* LikeAddViewController.swift */; };
		7754333322A4043400745A56 /* ViewController.swift in Sources */ = {isa = PBXBuildFile; fileRef = 7754333222A4043300745A56 /* ViewController.swift */; };
		7754333522A4050F00745A56 /* DetailTableViewController.swift in Sources */ = {isa = PBXBuildFile; fileRef = 7754333422A4050F00745A56 /* DetailTableViewController.swift */; };
		7754333722A455F900745A56 /* HouseTableViewController.swift in Sources */ = {isa = PBXBuildFile; fileRef = 7754333622A455F900745A56 /* HouseTableViewController.swift */; };
		7754333B22A4665700745A56 /* House.swift in Sources */ = {isa = PBXBuildFile; fileRef = 7754333A22A4665700745A56 /* House.swift */; };
		7754333D22A47CF600745A56 /* LocationChoiceViewController.swift in Sources */ = {isa = PBXBuildFile; fileRef = 7754333C22A47CF600745A56 /* LocationChoiceViewController.swift */; };
		7754333F22A4993400745A56 /* MapViewController.swift in Sources */ = {isa = PBXBuildFile; fileRef = 7754333E22A4993400745A56 /* MapViewController.swift */; };
		77DD7CCB22A4C15F00502398 /* Candy.swift in Sources */ = {isa = PBXBuildFile; fileRef = 77DD7CCA22A4C15F00502398 /* Candy.swift */; };
/* End PBXBuildFile section */

/* Begin PBXFileReference section */
		7754331522A3F15B00745A56 /* TranditionalHouse.app */ = {isa = PBXFileReference; explicitFileType = wrapper.application; includeInIndex = 0; path = TranditionalHouse.app; sourceTree = BUILT_PRODUCTS_DIR; };
		7754331822A3F15B00745A56 /* AppDelegate.swift */ = {isa = PBXFileReference; lastKnownFileType = sourcecode.swift; path = AppDelegate.swift; sourceTree = "<group>"; };
		7754331D22A3F15B00745A56 /* Base */ = {isa = PBXFileReference; lastKnownFileType = file.storyboard; name = Base; path = Base.lproj/Main.storyboard; sourceTree = "<group>"; };
		7754331F22A3F15C00745A56 /* Assets.xcassets */ = {isa = PBXFileReference; lastKnownFileType = folder.assetcatalog; path = Assets.xcassets; sourceTree = "<group>"; };
		7754332222A3F15C00745A56 /* Base */ = {isa = PBXFileReference; lastKnownFileType = file.storyboard; name = Base; path = Base.lproj/LaunchScreen.storyboard; sourceTree = "<group>"; };
		7754332422A3F15C00745A56 /* Info.plist */ = {isa = PBXFileReference; lastKnownFileType = text.plist.xml; path = Info.plist; sourceTree = "<group>"; };
		7754332C22A3FB2200745A56 /* LikeAddViewController.swift */ = {isa = PBXFileReference; lastKnownFileType = sourcecode.swift; path = LikeAddViewController.swift; sourceTree = "<group>"; };
		7754333222A4043300745A56 /* ViewController.swift */ = {isa = PBXFileReference; fileEncoding = 4; lastKnownFileType = sourcecode.swift; path = ViewController.swift; sourceTree = "<group>"; };
		7754333422A4050F00745A56 /* DetailTableViewController.swift */ = {isa = PBXFileReference; lastKnownFileType = sourcecode.swift; path = DetailTableViewController.swift; sourceTree = "<group>"; };
		7754333622A455F900745A56 /* HouseTableViewController.swift */ = {isa = PBXFileReference; fileEncoding = 4; lastKnownFileType = sourcecode.swift; path = HouseTableViewController.swift; sourceTree = "<group>"; };
		7754333A22A4665700745A56 /* House.swift */ = {isa = PBXFileReference; lastKnownFileType = sourcecode.swift; path = House.swift; sourceTree = "<group>"; };
		7754333C22A47CF600745A56 /* LocationChoiceViewController.swift */ = {isa = PBXFileReference; lastKnownFileType = sourcecode.swift; path = LocationChoiceViewController.swift; sourceTree = "<group>"; };
		7754333E22A4993400745A56 /* MapViewController.swift */ = {isa = PBXFileReference; fileEncoding = 4; lastKnownFileType = sourcecode.swift; path = MapViewController.swift; sourceTree = "<group>"; };
		77DD7CCA22A4C15F00502398 /* Candy.swift */ = {isa = PBXFileReference; lastKnownFileType = sourcecode.swift; path = Candy.swift; sourceTree = "<group>"; };
/* End PBXFileReference section */

/* Begin PBXFrameworksBuildPhase section */
		7754331222A3F15B00745A56 /* Frameworks */ = {
			isa = PBXFrameworksBuildPhase;
			buildActionMask = 2147483647;
			files = (
			);
			runOnlyForDeploymentPostprocessing = 0;
		};
/* End PBXFrameworksBuildPhase section */

/* Begin PBXGroup section */
		7754330C22A3F15B00745A56 = {
			isa = PBXGroup;
			children = (
				7754331722A3F15B00745A56 /* TranditionalHouse */,
				7754331622A3F15B00745A56 /* Products */,
			);
			sourceTree = "<group>";
		};
		7754331622A3F15B00745A56 /* Products */ = {
			isa = PBXGroup;
			children = (
				7754331522A3F15B00745A56 /* TranditionalHouse.app */,
			);
			name = Products;
			sourceTree = "<group>";
		};
		7754331722A3F15B00745A56 /* TranditionalHouse */ = {
			isa = PBXGroup;
			children = (
				7754331822A3F15B00745A56 /* AppDelegate.swift */,
				7754331C22A3F15B00745A56 /* Main.storyboard */,
				7754331F22A3F15C00745A56 /* Assets.xcassets */,
				7754332122A3F15C00745A56 /* LaunchScreen.storyboard */,
				7754333222A4043300745A56 /* ViewController.swift */,
				7754332422A3F15C00745A56 /* Info.plist */,
				7754333622A455F900745A56 /* HouseTableViewController.swift */,
				7754333422A4050F00745A56 /* DetailTableViewController.swift */,
				7754333E22A4993400745A56 /* MapViewController.swift */,
				7754333A22A4665700745A56 /* House.swift */,
				7754332C22A3FB2200745A56 /* LikeAddViewController.swift */,
				7754333C22A47CF600745A56 /* LocationChoiceViewController.swift */,
				77DD7CCA22A4C15F00502398 /* Candy.swift */,
			);
			path = TranditionalHouse;
			sourceTree = "<group>";
		};
/* End PBXGroup section */

/* Begin PBXNativeTarget section */
		7754331422A3F15B00745A56 /* TranditionalHouse */ = {
			isa = PBXNativeTarget;
			buildConfigurationList = 7754332722A3F15C00745A56 /* Build configuration list for PBXNativeTarget "TranditionalHouse" */;
			buildPhases = (
				7754331122A3F15B00745A56 /* Sources */,
				7754331222A3F15B00745A56 /* Frameworks */,
				7754331322A3F15B00745A56 /* Resources */,
			);
			buildRules = (
			);
			dependencies = (
			);
			name = TranditionalHouse;
			productName = TranditionalHouse;
			productReference = 7754331522A3F15B00745A56 /* TranditionalHouse.app */;
			productType = "com.apple.product-type.application";
		};
/* End PBXNativeTarget section */

/* Begin PBXProject section */
		7754330D22A3F15B00745A56 /* Project object */ = {
			isa = PBXProject;
			attributes = {
				LastSwiftUpdateCheck = 1020;
				LastUpgradeCheck = 1020;
				ORGANIZATIONNAME = KPU_GAME;
				TargetAttributes = {
					7754331422A3F15B00745A56 = {
						CreatedOnToolsVersion = 10.2.1;
					};
				};
			};
			buildConfigurationList = 7754331022A3F15B00745A56 /* Build configuration list for PBXProject "TranditionalHouse" */;
			compatibilityVersion = "Xcode 9.3";
			developmentRegion = en;
			hasScannedForEncodings = 0;
			knownRegions = (
				en,
				Base,
			);
			mainGroup = 7754330C22A3F15B00745A56;
			productRefGroup = 7754331622A3F15B00745A56 /* Products */;
			projectDirPath = "";
			projectRoot = "";
			targets = (
				7754331422A3F15B00745A56 /* TranditionalHouse */,
			);
		};
/* End PBXProject section */

/* Begin PBXResourcesBuildPhase section */
		7754331322A3F15B00745A56 /* Resources */ = {
			isa = PBXResourcesBuildPhase;
			buildActionMask = 2147483647;
			files = (
				7754332322A3F15C00745A56 /* LaunchScreen.storyboard in Resources */,
				7754332022A3F15C00745A56 /* Assets.xcassets in Resources */,
				7754331E22A3F15B00745A56 /* Main.storyboard in Resources */,
			);
			runOnlyForDeploymentPostprocessing = 0;
		};
/* End PBXResourcesBuildPhase section */

/* Begin PBXSourcesBuildPhase section */
		7754331122A3F15B00745A56 /* Sources */ = {
			isa = PBXSourcesBuildPhase;
			buildActionMask = 2147483647;
			files = (
				7754333D22A47CF600745A56 /* LocationChoiceViewController.swift in Sources */,
				7754333B22A4665700745A56 /* House.swift in Sources */,
				7754333322A4043400745A56 /* ViewController.swift in Sources */,
				7754333F22A4993400745A56 /* MapViewController.swift in Sources */,
				77DD7CCB22A4C15F00502398 /* Candy.swift in Sources */,
				7754333522A4050F00745A56 /* DetailTableViewController.swift in Sources */,
				7754331922A3F15B00745A56 /* AppDelegate.swift in Sources */,
				7754332D22A3FB2200745A56 /* LikeAddViewController.swift in Sources */,
				7754333722A455F900745A56 /* HouseTableViewController.swift in Sources */,
			);
			runOnlyForDeploymentPostprocessing = 0;
		};
/* End PBXSourcesBuildPhase section */

/* Begin PBXVariantGroup section */
		7754331C22A3F15B00745A56 /* Main.storyboard */ = {
			isa = PBXVariantGroup;
			children = (
				7754331D22A3F15B00745A56 /* Base */,
			);
			name = Main.storyboard;
			sourceTree = "<group>";
		};
		7754332122A3F15C00745A56 /* LaunchScreen.storyboard */ = {
			isa = PBXVariantGroup;
			children = (
				7754332222A3F15C00745A56 /* Base */,
			);
			name = LaunchScreen.storyboard;
			sourceTree = "<group>";
		};
/* End PBXVariantGroup section */

/* Begin XCBuildConfiguration section */
		7754332522A3F15C00745A56 /* Debug */ = {
			isa = XCBuildConfiguration;
			buildSettings = {
				ALWAYS_SEARCH_USER_PATHS = NO;
				CLANG_ANALYZER_NONNULL = YES;
				CLANG_ANALYZER_NUMBER_OBJECT_CONVERSION = YES_AGGRESSIVE;
				CLANG_CXX_LANGUAGE_STANDARD = "gnu++14";
				CLANG_CXX_LIBRARY = "libc++";
				CLANG_ENABLE_MODULES = YES;
				CLANG_ENABLE_OBJC_ARC = YES;
				CLANG_ENABLE_OBJC_WEAK = YES;
				CLANG_WARN_BLOCK_CAPTURE_AUTORELEASING = YES;
				CLANG_WARN_BOOL_CONVERSION = YES;
				CLANG_WARN_COMMA = YES;
				CLANG_WARN_CONSTANT_CONVERSION = YES;
				CLANG_WARN_DEPRECATED_OBJC_IMPLEMENTATIONS = YES;
				CLANG_WARN_DIRECT_OBJC_ISA_USAGE = YES_ERROR;
				CLANG_WARN_DOCUMENTATION_COMMENTS = YES;
				CLANG_WARN_EMPTY_BODY = YES;
				CLANG_WARN_ENUM_CONVERSION = YES;
				CLANG_WARN_INFINITE_RECURSION = YES;
				CLANG_WARN_INT_CONVERSION = YES;
				CLANG_WARN_NON_LITERAL_NULL_CONVERSION = YES;
				CLANG_WARN_OBJC_IMPLICIT_RETAIN_SELF = YES;
				CLANG_WARN_OBJC_LITERAL_CONVERSION = YES;
				CLANG_WARN_OBJC_ROOT_CLASS = YES_ERROR;
				CLANG_WARN_RANGE_LOOP_ANALYSIS = YES;
				CLANG_WARN_STRICT_PROTOTYPES = YES;
				CLANG_WARN_SUSPICIOUS_MOVE = YES;
				CLANG_WARN_UNGUARDED_AVAILABILITY = YES_AGGRESSIVE;
				CLANG_WARN_UNREACHABLE_CODE = YES;
				CLANG_WARN__DUPLICATE_METHOD_MATCH = YES;
				CODE_SIGN_IDENTITY = "iPhone Developer";
				COPY_PHASE_STRIP = NO;
				DEBUG_INFORMATION_FORMAT = dwarf;
				ENABLE_STRICT_OBJC_MSGSEND = YES;
				ENABLE_TESTABILITY = YES;
				GCC_C_LANGUAGE_STANDARD = gnu11;
				GCC_DYNAMIC_NO_PIC = NO;
				GCC_NO_COMMON_BLOCKS = YES;
				GCC_OPTIMIZATION_LEVEL = 0;
				GCC_PREPROCESSOR_DEFINITIONS = (
					"DEBUG=1",
					"$(inherited)",
				);
				GCC_WARN_64_TO_32_BIT_CONVERSION = YES;
				GCC_WARN_ABOUT_RETURN_TYPE = YES_ERROR;
				GCC_WARN_UNDECLARED_SELECTOR = YES;
				GCC_WARN_UNINITIALIZED_AUTOS = YES_AGGRESSIVE;
				GCC_WARN_UNUSED_FUNCTION = YES;
				GCC_WARN_UNUSED_VARIABLE = YES;
				IPHONEOS_DEPLOYMENT_TARGET = 12.2;
				MTL_ENABLE_DEBUG_INFO = INCLUDE_SOURCE;
				MTL_FAST_MATH = YES;
				ONLY_ACTIVE_ARCH = YES;
				SDKROOT = iphoneos;
				SWIFT_ACTIVE_COMPILATION_CONDITIONS = DEBUG;
				SWIFT_OPTIMIZATION_LEVEL = "-Onone";
			};
			name = Debug;
		};
		7754332622A3F15C00745A56 /* Release */ = {
			isa = XCBuildConfiguration;
			buildSettings = {
				ALWAYS_SEARCH_USER_PATHS = NO;
				CLANG_ANALYZER_NONNULL = YES;
				CLANG_ANALYZER_NUMBER_OBJECT_CONVERSION = YES_AGGRESSIVE;
				CLANG_CXX_LANGUAGE_STANDARD = "gnu++14";
				CLANG_CXX_LIBRARY = "libc++";
				CLANG_ENABLE_MODULES = YES;
				CLANG_ENABLE_OBJC_ARC = YES;
				CLANG_ENABLE_OBJC_WEAK = YES;
				CLANG_WARN_BLOCK_CAPTURE_AUTORELEASING = YES;
				CLANG_WARN_BOOL_CONVERSION = YES;
				CLANG_WARN_COMMA = YES;
				CLANG_WARN_CONSTANT_CONVERSION = YES;
				CLANG_WARN_DEPRECATED_OBJC_IMPLEMENTATIONS = YES;
				CLANG_WARN_DIRECT_OBJC_ISA_USAGE = YES_ERROR;
				CLANG_WARN_DOCUMENTATION_COMMENTS = YES;
				CLANG_WARN_EMPTY_BODY = YES;
				CLANG_WARN_ENUM_CONVERSION = YES;
				CLANG_WARN_INFINITE_RECURSION = YES;
				CLANG_WARN_INT_CONVERSION = YES;
				CLANG_WARN_NON_LITERAL_NULL_CONVERSION = YES;
				CLANG_WARN_OBJC_IMPLICIT_RETAIN_SELF = YES;
				CLANG_WARN_OBJC_LITERAL_CONVERSION = YES;
				CLANG_WARN_OBJC_ROOT_CLASS = YES_ERROR;
				CLANG_WARN_RANGE_LOOP_ANALYSIS = YES;
				CLANG_WARN_STRICT_PROTOTYPES = YES;
				CLANG_WARN_SUSPICIOUS_MOVE = YES;
				CLANG_WARN_UNGUARDED_AVAILABILITY = YES_AGGRESSIVE;
				CLANG_WARN_UNREACHABLE_CODE = YES;
				CLANG_WARN__DUPLICATE_METHOD_MATCH = YES;
				CODE_SIGN_IDENTITY = "iPhone Developer";
				COPY_PHASE_STRIP = NO;
				DEBUG_INFORMATION_FORMAT = "dwarf-with-dsym";
				ENABLE_NS_ASSERTIONS = NO;
				ENABLE_STRICT_OBJC_MSGSEND = YES;
				GCC_C_LANGUAGE_STANDARD = gnu11;
				GCC_NO_COMMON_BLOCKS = YES;
				GCC_WARN_64_TO_32_BIT_CONVERSION = YES;
				GCC_WARN_ABOUT_RETURN_TYPE = YES_ERROR;
				GCC_WARN_UNDECLARED_SELECTOR = YES;
				GCC_WARN_UNINITIALIZED_AUTOS = YES_AGGRESSIVE;
				GCC_WARN_UNUSED_FUNCTION = YES;
				GCC_WARN_UNUSED_VARIABLE = YES;
				IPHONEOS_DEPLOYMENT_TARGET = 12.2;
				MTL_ENABLE_DEBUG_INFO = NO;
				MTL_FAST_MATH = YES;
				SDKROOT = iphoneos;
				SWIFT_COMPILATION_MODE = wholemodule;
				SWIFT_OPTIMIZATION_LEVEL = "-O";
				VALIDATE_PRODUCT = YES;
			};
			name = Release;
		};
		7754332822A3F15C00745A56 /* Debug */ = {
			isa = XCBuildConfiguration;
			buildSettings = {
				ASSETCATALOG_COMPILER_APPICON_NAME = AppIcon;
				CODE_SIGN_STYLE = Automatic;
				DEVELOPMENT_TEAM = FFP6MY65LH;
				INFOPLIST_FILE = TranditionalHouse/Info.plist;
				LD_RUNPATH_SEARCH_PATHS = (
					"$(inherited)",
					"@executable_path/Frameworks",
				);
				PRODUCT_BUNDLE_IDENTIFIER = kpugame.hyewon.TranditionalHouse;
				PRODUCT_NAME = "$(TARGET_NAME)";
				SWIFT_VERSION = 5.0;
				TARGETED_DEVICE_FAMILY = "1,2";
			};
			name = Debug;
		};
		7754332922A3F15C00745A56 /* Release */ = {
			isa = XCBuildConfiguration;
			buildSettings = {
				ASSETCATALOG_COMPILER_APPICON_NAME = AppIcon;
				CODE_SIGN_STYLE = Automatic;
				DEVELOPMENT_TEAM = FFP6MY65LH;
				INFOPLIST_FILE = TranditionalHouse/Info.plist;
				LD_RUNPATH_SEARCH_PATHS = (
					"$(inherited)",
					"@executable_path/Frameworks",
				);
				PRODUCT_BUNDLE_IDENTIFIER = kpugame.hyewon.TranditionalHouse;
				PRODUCT_NAME = "$(TARGET_NAME)";
				SWIFT_VERSION = 5.0;
				TARGETED_DEVICE_FAMILY = "1,2";
			};
			name = Release;
		};
/* End XCBuildConfiguration section */

/* Begin XCConfigurationList section */
		7754331022A3F15B00745A56 /* Build configuration list for PBXProject "TranditionalHouse" */ = {
			isa = XCConfigurationList;
			buildConfigurations = (
				7754332522A3F15C00745A56 /* Debug */,
				7754332622A3F15C00745A56 /* Release */,
			);
			defaultConfigurationIsVisible = 0;
			defaultConfigurationName = Release;
		};
		7754332722A3F15C00745A56 /* Build configuration list for PBXNativeTarget "TranditionalHouse" */ = {
			isa = XCConfigurationList;
			buildConfigurations = (
				7754332822A3F15C00745A56 /* Debug */,
				7754332922A3F15C00745A56 /* Release */,
			);
			defaultConfigurationIsVisible = 0;
			defaultConfigurationName = Release;
		};
/* End XCConfigurationList section */
	};
	rootObject = 7754330D22A3F15B00745A56 /* Project object */;
}
